{
  "nodes": {
    "home-manager": {
      "inputs": {
        "nixpkgs": [
          "nixpkgs"
        ]
      },
      "locked": {
        "lastModified": 1758463745,
        "narHash": "sha256-uhzsV0Q0I9j2y/rfweWeGif5AWe0MGrgZ/3TjpDYdGA=",
        "owner": "nix-community",
        "repo": "home-manager",
        "rev": "3b955f5f0a942f9f60cdc9cacb7844335d0f21c3",
        "type": "github"
      },
      "original": {
        "owner": "nix-community",
        "ref": "release-25.05",
        "repo": "home-manager",
        "type": "github"
      }
    },
    "niri": {
      "inputs": {
        "niri-stable": "niri-stable",
        "niri-unstable": "niri-unstable",
        "nixpkgs": "nixpkgs",
        "nixpkgs-stable": "nixpkgs-stable",
        "xwayland-satellite-stable": "xwayland-satellite-stable",
        "xwayland-satellite-unstable": "xwayland-satellite-unstable"
      },
      "locked": {
        "lastModified": 1763835287,
        "narHash": "sha256-8wPX0t4wM6uLVpbRnU8yBqV2e93eXiYPiAJYzS6HLNc=",
        "owner": "sodiboo",
        "repo": "niri-flake",
        "rev": "5e06972e46f11274ae3dcb5175c45dc5b9e85410",
        "type": "github"
      },
      "original": {
        "owner": "sodiboo",
        "repo": "niri-flake",
        "type": "github"
      }
    },
    "niri-stable": {
      "flake": false,
      "locked": {
        "lastModified": 1756556321,
        "narHash": "sha256-RLD89dfjN0RVO86C/Mot0T7aduCygPGaYbog566F0Qo=",
        "owner": "YaLTeR",
        "repo": "niri",
        "rev": "01be0e65f4eb91a9cd624ac0b76aaeab765c7294",
        "type": "github"
      },
      "original": {
        "owner": "YaLTeR",
        "ref": "v25.08",
        "repo": "niri",
        "type": "github"
      }
    },
    "niri-unstable": {
      "flake": false,
      "locked": {
        "lastModified": 1763799335,
        "narHash": "sha256-b6hgDHjrLgTp4Y8DD5woGChg0R+yH16m0ZWVi9BhjrA=",
        "owner": "YaLTeR",
        "repo": "niri",
        "rev": "cfc01b895c0c7cbb9692852488675cc46693bd2a",
        "type": "github"
      },
      "original": {
        "owner": "YaLTeR",
        "repo": "niri",
        "type": "github"
      }
    },
    "nixpkgs": {
      "locked": {
        "lastModified": 1763678758,
        "narHash": "sha256-+hBiJ+kG5IoffUOdlANKFflTT5nO3FrrR2CA3178Y5s=",
        "owner": "NixOS",
        "repo": "nixpkgs",
        "rev": "117cc7f94e8072499b0a7aa4c52084fa4e11cc9b",
        "type": "github"
      },
      "original": {
        "owner": "NixOS",
        "ref": "nixos-unstable",
        "repo": "nixpkgs",
        "type": "github"
      }
    },
    "nixpkgs-stable": {
      "locked": {
        "lastModified": 1763622513,
        "narHash": "sha256-1jQnuyu82FpiSxowrF/iFK6Toh9BYprfDqfs4BB+19M=",
        "owner": "NixOS",
        "repo": "nixpkgs",
        "rev": "c58bc7f5459328e4afac201c5c4feb7c818d604b",
        "type": "github"
      },
      "original": {
        "owner": "NixOS",
        "ref": "nixos-25.05",
        "repo": "nixpkgs",
        "type": "github"
      }
    },
    "nixpkgs-unstable": {
      "locked": {
        "lastModified": 1763283776,
        "narHash": "sha256-Y7TDFPK4GlqrKrivOcsHG8xSGqQx3A6c+i7novT85Uk=",
        "owner": "NixOs",
        "repo": "nixpkgs",
        "rev": "50a96edd8d0db6cc8db57dab6bb6d6ee1f3dc49a",
        "type": "github"
      },
      "original": {
        "owner": "NixOs",
        "ref": "nixos-unstable",
        "repo": "nixpkgs",
        "type": "github"
      }
    },
    "nixpkgs_2": {
      "locked": {
        "lastModified": 1763049705,
        "narHash": "sha256-A5LS0AJZ1yDPTa2fHxufZN++n8MCmtgrJDtxFxrH4S8=",
        "owner": "NixOs",
        "repo": "nixpkgs",
        "rev": "3acb677ea67d4c6218f33de0db0955f116b7588c",
        "type": "github"
      },
      "original": {
        "owner": "NixOs",
        "ref": "nixos-25.05",
        "repo": "nixpkgs",
        "type": "github"
      }
    },
    "noctalia": {
      "inputs": {
        "nixpkgs": [
          "nixpkgs-unstable"
        ]
      },
      "locked": {
        "lastModified": 1763719743,
        "narHash": "sha256-UbpPhzpaHQj612vC52YKs17gQVmktwH3R5ftvxtL4UA=",
        "owner": "noctalia-dev",
        "repo": "noctalia-shell",
        "rev": "71f4a8eb49b1903617657a58c6f53f9d3b7543c9",
        "type": "github"
      },
      "original": {
        "owner": "noctalia-dev",
        "repo": "noctalia-shell",
        "type": "github"
      }
    },
    "root": {
      "inputs": {
        "home-manager": "home-manager",
        "niri": "niri",
        "nixpkgs": "nixpkgs_2",
        "nixpkgs-unstable": "nixpkgs-unstable",
        "noctalia": "noctalia",
        "tokyonight-sddm-src": "tokyonight-sddm-src"
      }
    },
    "tokyonight-sddm-src": {
      "flake": false,
      "locked": {
        "lastModified": 1686823900,
        "narHash": "sha256-JRVVzyefqR2L3UrEK2iWyhUKfPMUNUnfRZmwdz05wL0=",
        "owner": "rototrash",
        "repo": "tokyo-night-sddm",
        "rev": "320c8e74ade1e94f640708eee0b9a75a395697c6",
        "type": "github"
      },
      "original": {
        "owner": "rototrash",
        "repo": "tokyo-night-sddm",
        "type": "github"
      }
    },
    "xwayland-satellite-stable": {
      "flake": false,
      "locked": {
        "lastModified": 1755491097,
        "narHash": "sha256-m+9tUfsmBeF2Gn4HWa6vSITZ4Gz1eA1F5Kh62B0N4oE=",
        "owner": "Supreeeme",
        "repo": "xwayland-satellite",
        "rev": "388d291e82ffbc73be18169d39470f340707edaa",
        "type": "github"
      },
      "original": {
        "owner": "Supreeeme",
        "ref": "v0.7",
        "repo": "xwayland-satellite",
        "type": "github"
      }
    },
    "xwayland-satellite-unstable": {
      "flake": false,
      "locked": {
        "lastModified": 1763704521,
        "narHash": "sha256-ceYEV6PnvUN8Zixao4gpPuN+VT3B0SlAXKuPNHZhqUY=",
        "owner": "Supreeeme",
        "repo": "xwayland-satellite",
        "rev": "f379ff5722a821212eb59ada9cf8e51cb3654aad",
        "type": "github"
      },
      "original": {
        "owner": "Supreeeme",
        "repo": "xwayland-satellite",
        "type": "github"
      }
    }
  },
  "root": "root",
  "version": 7
}
